{
  "name": "nestjs-nextjs-trpc",
  "version": "1.0.0",
  "lockfileVersion": 2,
  "requires": true,
  "packages": {
    "": {
      "name": "nestjs-nextjs-trpc",
      "version": "1.0.0",
      "license": "ISC",
      "dependencies": {
        "@xata.io/client": "^0.24.3"
      }
    },
    "node_modules/@xata.io/client": {
      "version": "0.24.3",
      "resolved": "https://registry.npmjs.org/@xata.io/client/-/client-0.24.3.tgz",
      "integrity": "sha512-TaGEBSKBfMBuLM1eakyx2aRFMNmhEhQC7q/KCURJpUoCPYfpG9dfmgnDecnkmauZ4eHpZA/ktIgK7ko2PZrJTQ==",
      "peerDependencies": {
        "typescript": ">=4.5"
      }
    },
    "node_modules/typescript": {
      "version": "5.1.6",
      "resolved": "https://registry.npmjs.org/typescript/-/typescript-5.1.6.tgz",
      "integrity": "sha512-zaWCozRZ6DLEWAWFrVDz1H6FVXzUSfTy5FUMWsQlU8Ym5JP9eO4xkTIROFCQvhQf61z6O/G6ugw3SgAnvvm+HA==",
      "peer": true,
      "bin": {
        "tsc": "bin/tsc",
        "tsserver": "bin/tsserver"
      },
      "engines": {
        "node": ">=14.17"
      }
    }
  },
  "dependencies": {
    "@xata.io/client": {
      "version": "0.24.3",
      "resolved": "https://registry.npmjs.org/@xata.io/client/-/client-0.24.3.tgz",
      "integrity": "sha512-TaGEBSKBfMBuLM1eakyx2aRFMNmhEhQC7q/KCURJpUoCPYfpG9dfmgnDecnkmauZ4eHpZA/ktIgK7ko2PZrJTQ==",
      "requires": {}
    },
    "typescript": {
      "version": "5.1.6",
      "resolved": "https://registry.npmjs.org/typescript/-/typescript-5.1.6.tgz",
      "integrity": "sha512-zaWCozRZ6DLEWAWFrVDz1H6FVXzUSfTy5FUMWsQlU8Ym5JP9eO4xkTIROFCQvhQf61z6O/G6ugw3SgAnvvm+HA==",
      "peer": true
    }
  }
}
